
Microsoft Visual Studio Solution File, Format Version 12.00
# Visual Studio Version 16
VisualStudioVersion = 16.0.29920.165
MinimumVisualStudioVersion = 10.0.40219.1
Project("{FAE04EC0-301F-11D3-BF4B-00C04F79EFBC}") = "BatteriesChargeSensor", "BatteriesChargeSensor\BatteriesChargeSensor.csproj", "{D9CD3EA4-6863-47BA-B3D2-103DA754E15C}"
EndProject
Project("{FAE04EC0-301F-11D3-BF4B-00C04F79EFBC}") = "^CaiLib", "CaiLib\^CaiLib.csproj", "{2DED5B57-FD32-4F67-88B5-924AC4300952}"
EndProject
Project("{FAE04EC0-301F-11D3-BF4B-00C04F79EFBC}") = "PassiveGasVentInput", "PassiveGasVentInput\PassiveGasVentInput.csproj", "{313AD3F0-C132-4EC0-B5C9-C4486E9227BC}"
EndProject
Project("{FAE04EC0-301F-11D3-BF4B-00C04F79EFBC}") = "Bioreactor", "Bioreactor\Bioreactor.csproj", "{E7F256BE-0706-4FD8-AD16-F13B9C94153D}"
EndProject
Project("{FAE04EC0-301F-11D3-BF4B-00C04F79EFBC}") = "SuitOnDemand", "SuitOnDemand\SuitOnDemand.csproj", "{BAC61D4D-72DE-471A-9184-590B4CEC88FF}"
EndProject
Project("{FAE04EC0-301F-11D3-BF4B-00C04F79EFBC}") = "MegaBattery", "MegaBattery\MegaBattery.csproj", "{DB167870-DEBD-4A34-AA94-A0C9575D403C}"
EndProject
Project("{FAE04EC0-301F-11D3-BF4B-00C04F79EFBC}") = "DoubleBed", "DoubleBed\DoubleBed.csproj", "{3DD0D526-3B9C-4F1A-A9B1-66F50BA8382D}"
EndProject
Global
	GlobalSection(SolutionConfigurationPlatforms) = preSolution
		Debug|Any CPU = Debug|Any CPU
		Release|Any CPU = Release|Any CPU
	EndGlobalSection
	GlobalSection(ProjectConfigurationPlatforms) = postSolution
		{D9CD3EA4-6863-47BA-B3D2-103DA754E15C}.Debug|Any CPU.ActiveCfg = Debug|Any CPU
		{D9CD3EA4-6863-47BA-B3D2-103DA754E15C}.Debug|Any CPU.Build.0 = Debug|Any CPU
		{D9CD3EA4-6863-47BA-B3D2-103DA754E15C}.Release|Any CPU.ActiveCfg = Release|Any CPU
		{D9CD3EA4-6863-47BA-B3D2-103DA754E15C}.Release|Any CPU.Build.0 = Release|Any CPU
		{2DED5B57-FD32-4F67-88B5-924AC4300952}.Debug|Any CPU.ActiveCfg = Debug|Any CPU
		{2DED5B57-FD32-4F67-88B5-924AC4300952}.Debug|Any CPU.Build.0 = Debug|Any CPU
		{2DED5B57-FD32-4F67-88B5-924AC4300952}.Release|Any CPU.ActiveCfg = Release|Any CPU
		{2DED5B57-FD32-4F67-88B5-924AC4300952}.Release|Any CPU.Build.0 = Release|Any CPU
		{313AD3F0-C132-4EC0-B5C9-C4486E9227BC}.Debug|Any CPU.ActiveCfg = Debug|Any CPU
		{313AD3F0-C132-4EC0-B5C9-C4486E9227BC}.Debug|Any CPU.Build.0 = Debug|Any CPU
		{313AD3F0-C132-4EC0-B5C9-C4486E9227BC}.Release|Any CPU.ActiveCfg = Release|Any CPU
		{313AD3F0-C132-4EC0-B5C9-C4486E9227BC}.Release|Any CPU.Build.0 = Release|Any CPU
		{E7F256BE-0706-4FD8-AD16-F13B9C94153D}.Debug|Any CPU.ActiveCfg = Debug|Any CPU
		{E7F256BE-0706-4FD8-AD16-F13B9C94153D}.Debug|Any CPU.Build.0 = Debug|Any CPU
		{E7F256BE-0706-4FD8-AD16-F13B9C94153D}.Release|Any CPU.ActiveCfg = Release|Any CPU
		{E7F256BE-0706-4FD8-AD16-F13B9C94153D}.Release|Any CPU.Build.0 = Release|Any CPU
		{BAC61D4D-72DE-471A-9184-590B4CEC88FF}.Debug|Any CPU.ActiveCfg = Debug|Any CPU
		{BAC61D4D-72DE-471A-9184-590B4CEC88FF}.Debug|Any CPU.Build.0 = Debug|Any CPU
		{BAC61D4D-72DE-471A-9184-590B4CEC88FF}.Release|Any CPU.ActiveCfg = Release|Any CPU
		{BAC61D4D-72DE-471A-9184-590B4CEC88FF}.Release|Any CPU.Build.0 = Release|Any CPU
		{DB167870-DEBD-4A34-AA94-A0C9575D403C}.Debug|Any CPU.ActiveCfg = Debug|Any CPU
		{DB167870-DEBD-4A34-AA94-A0C9575D403C}.Debug|Any CPU.Build.0 = Debug|Any CPU
		{DB167870-DEBD-4A34-AA94-A0C9575D403C}.Release|Any CPU.ActiveCfg = Release|Any CPU
		{DB167870-DEBD-4A34-AA94-A0C9575D403C}.Release|Any CPU.Build.0 = Release|Any CPU
		{3DD0D526-3B9C-4F1A-A9B1-66F50BA8382D}.Debug|Any CPU.ActiveCfg = Debug|Any CPU
		{3DD0D526-3B9C-4F1A-A9B1-66F50BA8382D}.Debug|Any CPU.Build.0 = Debug|Any CPU
		{3DD0D526-3B9C-4F1A-A9B1-66F50BA8382D}.Release|Any CPU.ActiveCfg = Release|Any CPU
		{3DD0D526-3B9C-4F1A-A9B1-66F50BA8382D}.Release|Any CPU.Build.0 = Release|Any CPU
	EndGlobalSection
	GlobalSection(SolutionProperties) = preSolution
		HideSolutionNode = FALSE
	EndGlobalSection
	GlobalSection(ExtensibilityGlobals) = postSolution
		SolutionGuid = {175BF9CB-1F4B-4E21-BA55-7DD1DDF6D7BC}
	EndGlobalSection
EndGlobal
